
Microsoft Visual Studio Solution File, Format Version 12.00
# Visual Studio Version 17
VisualStudioVersion = 17.1.32210.238
MinimumVisualStudioVersion = 10.0.40219.1
Project("{9A19103F-16F7-4668-BE54-9A1E7A4F7556}") = "KybalionSoft.Api", "KybalionSoft.Api\KybalionSoft.Api.csproj", "{FDAD0DA1-F842-4EBC-ACCD-1996E97B995C}"
EndProject
Project("{9A19103F-16F7-4668-BE54-9A1E7A4F7556}") = "KybalionSoft.Models", "KybalionSoft.Models\KybalionSoft.Models.csproj", "{C0ED83BC-DDE6-4384-A057-1D3FF1ECB80F}"
EndProject
Project("{9A19103F-16F7-4668-BE54-9A1E7A4F7556}") = "KybalionSoft.Persistence", "KybalionSoft.Persistence\KybalionSoft.Persistence.csproj", "{0F7AA229-09FC-45A5-A274-2BB1662EF5C7}"
EndProject
Project("{9A19103F-16F7-4668-BE54-9A1E7A4F7556}") = "KybalionSoft.Services", "KybalionSoft.Services\KybalionSoft.Services.csproj", "{2C180091-9081-4FA1-BA52-53BF487AB15F}"
EndProject
Project("{FAE04EC0-301F-11D3-BF4B-00C04F79EFBC}") = "KybalionSoft.Web", "KybalionSoft.Web\KybalionSoft.Web.csproj", "{27505D34-3522-499C-BAF7-EA4C3288715F}"
EndProject
Global
	GlobalSection(SolutionConfigurationPlatforms) = preSolution
		Debug|Any CPU = Debug|Any CPU
		Release|Any CPU = Release|Any CPU
	EndGlobalSection
	GlobalSection(ProjectConfigurationPlatforms) = postSolution
		{FDAD0DA1-F842-4EBC-ACCD-1996E97B995C}.Debug|Any CPU.ActiveCfg = Debug|Any CPU
		{FDAD0DA1-F842-4EBC-ACCD-1996E97B995C}.Debug|Any CPU.Build.0 = Debug|Any CPU
		{FDAD0DA1-F842-4EBC-ACCD-1996E97B995C}.Release|Any CPU.ActiveCfg = Release|Any CPU
		{FDAD0DA1-F842-4EBC-ACCD-1996E97B995C}.Release|Any CPU.Build.0 = Release|Any CPU
		{C0ED83BC-DDE6-4384-A057-1D3FF1ECB80F}.Debug|Any CPU.ActiveCfg = Debug|Any CPU
		{C0ED83BC-DDE6-4384-A057-1D3FF1ECB80F}.Debug|Any CPU.Build.0 = Debug|Any CPU
		{C0ED83BC-DDE6-4384-A057-1D3FF1ECB80F}.Release|Any CPU.ActiveCfg = Release|Any CPU
		{C0ED83BC-DDE6-4384-A057-1D3FF1ECB80F}.Release|Any CPU.Build.0 = Release|Any CPU
		{0F7AA229-09FC-45A5-A274-2BB1662EF5C7}.Debug|Any CPU.ActiveCfg = Debug|Any CPU
		{0F7AA229-09FC-45A5-A274-2BB1662EF5C7}.Debug|Any CPU.Build.0 = Debug|Any CPU
		{0F7AA229-09FC-45A5-A274-2BB1662EF5C7}.Release|Any CPU.ActiveCfg = Release|Any CPU
		{0F7AA229-09FC-45A5-A274-2BB1662EF5C7}.Release|Any CPU.Build.0 = Release|Any CPU
		{2C180091-9081-4FA1-BA52-53BF487AB15F}.Debug|Any CPU.ActiveCfg = Debug|Any CPU
		{2C180091-9081-4FA1-BA52-53BF487AB15F}.Debug|Any CPU.Build.0 = Debug|Any CPU
		{2C180091-9081-4FA1-BA52-53BF487AB15F}.Release|Any CPU.ActiveCfg = Release|Any CPU
		{2C180091-9081-4FA1-BA52-53BF487AB15F}.Release|Any CPU.Build.0 = Release|Any CPU
		{27505D34-3522-499C-BAF7-EA4C3288715F}.Debug|Any CPU.ActiveCfg = Debug|Any CPU
		{27505D34-3522-499C-BAF7-EA4C3288715F}.Debug|Any CPU.Build.0 = Debug|Any CPU
		{27505D34-3522-499C-BAF7-EA4C3288715F}.Release|Any CPU.ActiveCfg = Release|Any CPU
		{27505D34-3522-499C-BAF7-EA4C3288715F}.Release|Any CPU.Build.0 = Release|Any CPU
	EndGlobalSection
	GlobalSection(SolutionProperties) = preSolution
		HideSolutionNode = FALSE
	EndGlobalSection
	GlobalSection(ExtensibilityGlobals) = postSolution
		SolutionGuid = {A4AE8513-5A48-4DD6-B96A-14B020FD3DAB}
	EndGlobalSection
EndGlobal
